
Microsoft Visual Studio Solution File, Format Version 12.00
# Visual Studio Version 17
VisualStudioVersion = 17.14.36811.4 d17.14
MinimumVisualStudioVersion = 10.0.40219.1
Project("{FAE04EC0-301F-11D3-BF4B-00C04F79EFBC}") = "PersonalLedger.Api", "PersonalLedger.Api\PersonalLedger.Api.csproj", "{832B2E59-2309-406B-9365-B400C47BE1DB}"
EndProject
Global
	GlobalSection(SolutionConfigurationPlatforms) = preSolution
		Debug|Any CPU = Debug|Any CPU
		Release|Any CPU = Release|Any CPU
	EndGlobalSection
	GlobalSection(ProjectConfigurationPlatforms) = postSolution
		{832B2E59-2309-406B-9365-B400C47BE1DB}.Debug|Any CPU.ActiveCfg = Debug|Any CPU
		{832B2E59-2309-406B-9365-B400C47BE1DB}.Debug|Any CPU.Build.0 = Debug|Any CPU
		{832B2E59-2309-406B-9365-B400C47BE1DB}.Release|Any CPU.ActiveCfg = Release|Any CPU
		{832B2E59-2309-406B-9365-B400C47BE1DB}.Release|Any CPU.Build.0 = Release|Any CPU
	EndGlobalSection
	GlobalSection(SolutionProperties) = preSolution
		HideSolutionNode = FALSE
	EndGlobalSection
	GlobalSection(ExtensibilityGlobals) = postSolution
		SolutionGuid = {B200B362-03CD-4657-A97D-33E356E16DCF}
	EndGlobalSection
EndGlobal
